
Microsoft Visual Studio Solution File, Format Version 12.00
# Visual Studio Version 17
VisualStudioVersion = 17.10.35122.118
MinimumVisualStudioVersion = 10.0.40219.1
Project("{9A19103F-16F7-4668-BE54-9A1E7A4F7556}") = "BillTrack.Api", "BillTrack.Api\BillTrack.Api.csproj", "{51F6940F-67EB-440F-808B-80B681407782}"
EndProject
Project("{9A19103F-16F7-4668-BE54-9A1E7A4F7556}") = "BillTrack.Domain", "BillTrack.Domain\BillTrack.Domain.csproj", "{CFAEAEC4-64A9-4EA0-BD3F-D759E84D73E8}"
EndProject
Project("{9A19103F-16F7-4668-BE54-9A1E7A4F7556}") = "BillTrack.Persistence", "BillTrack.Persistence\BillTrack.Persistence.csproj", "{12CE22E1-3B77-4589-BA68-0818BD4311E8}"
EndProject
Project("{9A19103F-16F7-4668-BE54-9A1E7A4F7556}") = "BillTrack.Core", "BillTrack.Core\BillTrack.Core.csproj", "{5131B5A5-880E-4E18-942B-6C0ABD4D7BC8}"
EndProject
Project("{9A19103F-16F7-4668-BE54-9A1E7A4F7556}") = "BillTrack.Application", "BillTrack.Application\BillTrack.Application.csproj", "{CD2542B9-9AAD-45B7-8136-5230A46C2F5A}"
EndProject
Project("{9A19103F-16F7-4668-BE54-9A1E7A4F7556}") = "BillTrack.Auth", "BillTrack.Auth\BillTrack.Auth.csproj", "{24E3E7E8-E6BD-4B42-A5A9-9CC239A97334}"
EndProject
Project("{FAE04EC0-301F-11D3-BF4B-00C04F79EFBC}") = "BillTrack.Worker", "BillTrack.Worker\BillTrack.Worker.csproj", "{D8BC96BC-92D5-443A-A639-65F1C89FA181}"
EndProject
Project("{FAE04EC0-301F-11D3-BF4B-00C04F79EFBC}") = "BillTrack.Tests", "BillTrack.Tests\BillTrack.Tests.csproj", "{F025BF51-4EA4-4727-A471-5E93276194F2}"
EndProject
Project("{FAE04EC0-301F-11D3-BF4B-00C04F79EFBC}") = "BillTrack.Emailer", "BillTrack.Emailer\BillTrack.Emailer.csproj", "{BAD2343E-DFA2-4A94-9A25-E8CCE9ACEADC}"
EndProject
Global
	GlobalSection(SolutionConfigurationPlatforms) = preSolution
		Debug|Any CPU = Debug|Any CPU
		Release|Any CPU = Release|Any CPU
	EndGlobalSection
	GlobalSection(ProjectConfigurationPlatforms) = postSolution
		{51F6940F-67EB-440F-808B-80B681407782}.Debug|Any CPU.ActiveCfg = Debug|Any CPU
		{51F6940F-67EB-440F-808B-80B681407782}.Debug|Any CPU.Build.0 = Debug|Any CPU
		{51F6940F-67EB-440F-808B-80B681407782}.Release|Any CPU.ActiveCfg = Release|Any CPU
		{51F6940F-67EB-440F-808B-80B681407782}.Release|Any CPU.Build.0 = Release|Any CPU
		{CFAEAEC4-64A9-4EA0-BD3F-D759E84D73E8}.Debug|Any CPU.ActiveCfg = Debug|Any CPU
		{CFAEAEC4-64A9-4EA0-BD3F-D759E84D73E8}.Debug|Any CPU.Build.0 = Debug|Any CPU
		{CFAEAEC4-64A9-4EA0-BD3F-D759E84D73E8}.Release|Any CPU.ActiveCfg = Release|Any CPU
		{CFAEAEC4-64A9-4EA0-BD3F-D759E84D73E8}.Release|Any CPU.Build.0 = Release|Any CPU
		{12CE22E1-3B77-4589-BA68-0818BD4311E8}.Debug|Any CPU.ActiveCfg = Debug|Any CPU
		{12CE22E1-3B77-4589-BA68-0818BD4311E8}.Debug|Any CPU.Build.0 = Debug|Any CPU
		{12CE22E1-3B77-4589-BA68-0818BD4311E8}.Release|Any CPU.ActiveCfg = Release|Any CPU
		{12CE22E1-3B77-4589-BA68-0818BD4311E8}.Release|Any CPU.Build.0 = Release|Any CPU
		{5131B5A5-880E-4E18-942B-6C0ABD4D7BC8}.Debug|Any CPU.ActiveCfg = Debug|Any CPU
		{5131B5A5-880E-4E18-942B-6C0ABD4D7BC8}.Debug|Any CPU.Build.0 = Debug|Any CPU
		{5131B5A5-880E-4E18-942B-6C0ABD4D7BC8}.Release|Any CPU.ActiveCfg = Release|Any CPU
		{5131B5A5-880E-4E18-942B-6C0ABD4D7BC8}.Release|Any CPU.Build.0 = Release|Any CPU
		{CD2542B9-9AAD-45B7-8136-5230A46C2F5A}.Debug|Any CPU.ActiveCfg = Debug|Any CPU
		{CD2542B9-9AAD-45B7-8136-5230A46C2F5A}.Debug|Any CPU.Build.0 = Debug|Any CPU
		{CD2542B9-9AAD-45B7-8136-5230A46C2F5A}.Release|Any CPU.ActiveCfg = Release|Any CPU
		{CD2542B9-9AAD-45B7-8136-5230A46C2F5A}.Release|Any CPU.Build.0 = Release|Any CPU
		{24E3E7E8-E6BD-4B42-A5A9-9CC239A97334}.Debug|Any CPU.ActiveCfg = Debug|Any CPU
		{24E3E7E8-E6BD-4B42-A5A9-9CC239A97334}.Debug|Any CPU.Build.0 = Debug|Any CPU
		{24E3E7E8-E6BD-4B42-A5A9-9CC239A97334}.Release|Any CPU.ActiveCfg = Release|Any CPU
		{24E3E7E8-E6BD-4B42-A5A9-9CC239A97334}.Release|Any CPU.Build.0 = Release|Any CPU
		{D8BC96BC-92D5-443A-A639-65F1C89FA181}.Debug|Any CPU.ActiveCfg = Debug|Any CPU
		{D8BC96BC-92D5-443A-A639-65F1C89FA181}.Debug|Any CPU.Build.0 = Debug|Any CPU
		{D8BC96BC-92D5-443A-A639-65F1C89FA181}.Release|Any CPU.ActiveCfg = Release|Any CPU
		{D8BC96BC-92D5-443A-A639-65F1C89FA181}.Release|Any CPU.Build.0 = Release|Any CPU
		{F025BF51-4EA4-4727-A471-5E93276194F2}.Debug|Any CPU.ActiveCfg = Debug|Any CPU
		{F025BF51-4EA4-4727-A471-5E93276194F2}.Debug|Any CPU.Build.0 = Debug|Any CPU
		{F025BF51-4EA4-4727-A471-5E93276194F2}.Release|Any CPU.ActiveCfg = Release|Any CPU
		{F025BF51-4EA4-4727-A471-5E93276194F2}.Release|Any CPU.Build.0 = Release|Any CPU
		{BAD2343E-DFA2-4A94-9A25-E8CCE9ACEADC}.Debug|Any CPU.ActiveCfg = Debug|Any CPU
		{BAD2343E-DFA2-4A94-9A25-E8CCE9ACEADC}.Debug|Any CPU.Build.0 = Debug|Any CPU
		{BAD2343E-DFA2-4A94-9A25-E8CCE9ACEADC}.Release|Any CPU.ActiveCfg = Release|Any CPU
		{BAD2343E-DFA2-4A94-9A25-E8CCE9ACEADC}.Release|Any CPU.Build.0 = Release|Any CPU
	EndGlobalSection
	GlobalSection(SolutionProperties) = preSolution
		HideSolutionNode = FALSE
	EndGlobalSection
	GlobalSection(ExtensibilityGlobals) = postSolution
		SolutionGuid = {9F425D23-6130-4526-9BE9-4BC21EB379A3}
	EndGlobalSection
EndGlobal
